
Microsoft Visual Studio Solution File, Format Version 12.00
# Visual Studio Version 16
VisualStudioVersion = 16.0.30717.126
MinimumVisualStudioVersion = 10.0.40219.1
Project("{9A19103F-16F7-4668-BE54-9A1E7A4F7556}") = "Kampintro", "Kampintro\Kampintro.csproj", "{80D5527F-72CB-4E92-93F0-EB80EAA7CF4D}"
EndProject
Project("{9A19103F-16F7-4668-BE54-9A1E7A4F7556}") = "Donguler", "Donguler\Donguler.csproj", "{CF46D246-62D3-4556-BCE2-324DC8CF337B}"
EndProject
Project("{9A19103F-16F7-4668-BE54-9A1E7A4F7556}") = "Classintro", "Classintro\Classintro.csproj", "{F2583F4A-03E5-4BE8-9490-FB21789DB78D}"
EndProject
Project("{FAE04EC0-301F-11D3-BF4B-00C04F79EFBC}") = "Metotlar", "Metotlar\Metotlar.csproj", "{C729B273-C6E9-455D-8B4B-2E148DA660CA}"
EndProject
Project("{FAE04EC0-301F-11D3-BF4B-00C04F79EFBC}") = "DegerVeReferansTipler", "DegerVeReferansTipler\DegerVeReferansTipler.csproj", "{51AECA52-FB59-431C-AE3C-FA35E60BB85B}"
EndProject
Global
	GlobalSection(SolutionConfigurationPlatforms) = preSolution
		Debug|Any CPU = Debug|Any CPU
		Release|Any CPU = Release|Any CPU
	EndGlobalSection
	GlobalSection(ProjectConfigurationPlatforms) = postSolution
		{80D5527F-72CB-4E92-93F0-EB80EAA7CF4D}.Debug|Any CPU.ActiveCfg = Debug|Any CPU
		{80D5527F-72CB-4E92-93F0-EB80EAA7CF4D}.Debug|Any CPU.Build.0 = Debug|Any CPU
		{80D5527F-72CB-4E92-93F0-EB80EAA7CF4D}.Release|Any CPU.ActiveCfg = Release|Any CPU
		{80D5527F-72CB-4E92-93F0-EB80EAA7CF4D}.Release|Any CPU.Build.0 = Release|Any CPU
		{CF46D246-62D3-4556-BCE2-324DC8CF337B}.Debug|Any CPU.ActiveCfg = Debug|Any CPU
		{CF46D246-62D3-4556-BCE2-324DC8CF337B}.Debug|Any CPU.Build.0 = Debug|Any CPU
		{CF46D246-62D3-4556-BCE2-324DC8CF337B}.Release|Any CPU.ActiveCfg = Release|Any CPU
		{CF46D246-62D3-4556-BCE2-324DC8CF337B}.Release|Any CPU.Build.0 = Release|Any CPU
		{F2583F4A-03E5-4BE8-9490-FB21789DB78D}.Debug|Any CPU.ActiveCfg = Debug|Any CPU
		{F2583F4A-03E5-4BE8-9490-FB21789DB78D}.Debug|Any CPU.Build.0 = Debug|Any CPU
		{F2583F4A-03E5-4BE8-9490-FB21789DB78D}.Release|Any CPU.ActiveCfg = Release|Any CPU
		{F2583F4A-03E5-4BE8-9490-FB21789DB78D}.Release|Any CPU.Build.0 = Release|Any CPU
		{C729B273-C6E9-455D-8B4B-2E148DA660CA}.Debug|Any CPU.ActiveCfg = Debug|Any CPU
		{C729B273-C6E9-455D-8B4B-2E148DA660CA}.Debug|Any CPU.Build.0 = Debug|Any CPU
		{C729B273-C6E9-455D-8B4B-2E148DA660CA}.Release|Any CPU.ActiveCfg = Release|Any CPU
		{C729B273-C6E9-455D-8B4B-2E148DA660CA}.Release|Any CPU.Build.0 = Release|Any CPU
		{51AECA52-FB59-431C-AE3C-FA35E60BB85B}.Debug|Any CPU.ActiveCfg = Debug|Any CPU
		{51AECA52-FB59-431C-AE3C-FA35E60BB85B}.Debug|Any CPU.Build.0 = Debug|Any CPU
		{51AECA52-FB59-431C-AE3C-FA35E60BB85B}.Release|Any CPU.ActiveCfg = Release|Any CPU
		{51AECA52-FB59-431C-AE3C-FA35E60BB85B}.Release|Any CPU.Build.0 = Release|Any CPU
	EndGlobalSection
	GlobalSection(SolutionProperties) = preSolution
		HideSolutionNode = FALSE
	EndGlobalSection
	GlobalSection(ExtensibilityGlobals) = postSolution
		SolutionGuid = {D6A598FF-4282-43C2-9836-C3A09A181B20}
	EndGlobalSection
EndGlobal
